# This file is generated by running "yarn install" inside your project.
# Manual changes might be lost - proceed with caution!

__metadata:
  version: 6
  cacheKey: 8

"@babel/runtime@npm:^7.20.13":
  version: 7.21.5
  resolution: "@babel/runtime@npm:7.21.5"
  dependencies:
    regenerator-runtime: ^0.13.11
  checksum: 358f2779d3187f5c67ad302e8f8d435412925d0b991d133c7d4a7b1ddd5a3fda1b6f34537cb64628dfd96a27ae46df105bed3895b8d754b88cacdded8d1129dd
  languageName: node
  linkType: hard

"@react-pdf/fns@npm:2.0.1":
  version: 2.0.1
  resolution: "@react-pdf/fns@npm:2.0.1"
  dependencies:
    "@babel/runtime": ^7.20.13
  checksum: cc56f632862820c7512530c423a5506addcb6aefc46e61d952dd735c0b887fa209dddcc1ec49f89fecc30b6852f44bd2025687898d86d76d8019b35b74d0094b
  languageName: node
  linkType: hard

"@react-pdf/font@npm:^2.3.4":
  version: 2.3.4
  resolution: "@react-pdf/font@npm:2.3.4"
  dependencies:
    "@babel/runtime": ^7.20.13
    "@react-pdf/types": ^2.3.1
    cross-fetch: ^3.1.5
    fontkit: ^2.0.2
    is-url: ^1.2.4
  checksum: 76df022c5e389c16ed0bf6a909329028e370fa7684748527f3fe87c92d63d98f749c1726cf5b6409d66eb096e7b326c939004da7dea1db5588dfbee4799c619f
  languageName: node
  linkType: hard

"@react-pdf/image@npm:^2.2.1":
  version: 2.2.1
  resolution: "@react-pdf/image@npm:2.2.1"
  dependencies:
    "@babel/runtime": ^7.20.13
    "@react-pdf/png-js": ^2.2.0
    cross-fetch: ^3.1.5
  checksum: d2b3c9e5b6a23c377724072c875eaeea6389fa513ae0e88ed442d7efb0eaa373b0f195e7c6b9404297ede802d063cf20109800f4d7b951087f66bb64f7c04f1a
  languageName: node
  linkType: hard

"@react-pdf/layout@npm:^3.6.0":
  version: 3.6.0
  resolution: "@react-pdf/layout@npm:3.6.0"
  dependencies:
    "@babel/runtime": ^7.20.13
    "@react-pdf/fns": 2.0.1
    "@react-pdf/image": ^2.2.1
    "@react-pdf/pdfkit": ^3.0.2
    "@react-pdf/primitives": ^3.0.0
    "@react-pdf/stylesheet": ^4.1.5
    "@react-pdf/textkit": ^4.2.0
    "@react-pdf/types": ^2.3.1
    "@react-pdf/yoga": ^4.1.2
    cross-fetch: ^3.1.5
    emoji-regex: ^10.2.1
    queue: ^6.0.1
  checksum: 65169700d84864853ba3b31988f0502ce8c9014cab64aa60f6328e20645de6c7848e341226f32e50dcbfc0c43cff999c63b581d5e2617336ccc9b501bbcc31fc
  languageName: node
  linkType: hard

"@react-pdf/pdfkit@npm:^3.0.2":
  version: 3.0.2
  resolution: "@react-pdf/pdfkit@npm:3.0.2"
  dependencies:
    "@babel/runtime": ^7.20.13
    "@react-pdf/png-js": ^2.2.0
    browserify-zlib: ^0.2.0
    crypto-js: ^4.0.0
    fontkit: ^2.0.2
    vite-compatible-readable-stream: ^3.6.1
  checksum: 8ab264e699751c1eb5245eb712c62c681c916e081fdf21a60bfda993f4f39336b238c799baba20d9b9b642a0819f46edd8e93de8dad5f1ce177b6ea57fee83a4
  languageName: node
  linkType: hard

"@react-pdf/png-js@npm:^2.2.0":
  version: 2.2.0
  resolution: "@react-pdf/png-js@npm:2.2.0"
  dependencies:
    browserify-zlib: ^0.2.0
  checksum: 0f1571f43dcffa93c219ede411210c83f20c81a01f0a0cb39e713c9f066fa4b7b9781602240676e937e89c0218f2940f9acb98f06165e30dc7012897d1ff8d07
  languageName: node
  linkType: hard

"@react-pdf/primitives@npm:^3.0.0":
  version: 3.0.1
  resolution: "@react-pdf/primitives@npm:3.0.1"
  checksum: c4bea5c6c61a2bbfdc462385def8ec9a36b60320b2008643f694de4e587dd05058ff78c98aa8a5d66bd472bbe09c93a477b15fefd64db58f6e64c122adabbdf1
  languageName: node
  linkType: hard

"@react-pdf/render@npm:^3.2.4":
  version: 3.2.4
  resolution: "@react-pdf/render@npm:3.2.4"
  dependencies:
    "@babel/runtime": ^7.20.13
    "@react-pdf/fns": 2.0.1
    "@react-pdf/primitives": ^3.0.0
    "@react-pdf/textkit": ^4.2.0
    "@react-pdf/types": ^2.3.1
    abs-svg-path: ^0.1.1
    color-string: ^1.5.3
    normalize-svg-path: ^1.1.0
    parse-svg-path: ^0.1.2
    svg-arc-to-cubic-bezier: ^3.2.0
  checksum: 1ec8a4cf6abe4fbf2e31c7d04a0116649f1bce77daa7c531f2d65681c2e45eee0e9c40e02645cbb0d12a1921897ae07e02966c305936e0bae962b2d5adebdf09
  languageName: node
  linkType: hard

"@react-pdf/renderer@npm:^3.1.9":
  version: 3.1.9
  resolution: "@react-pdf/renderer@npm:3.1.9"
  dependencies:
    "@babel/runtime": ^7.20.13
    "@react-pdf/font": ^2.3.4
    "@react-pdf/layout": ^3.6.0
    "@react-pdf/pdfkit": ^3.0.2
    "@react-pdf/primitives": ^3.0.0
    "@react-pdf/render": ^3.2.4
    "@react-pdf/types": ^2.3.1
    events: ^3.3.0
    object-assign: ^4.1.1
    prop-types: ^15.6.2
    queue: ^6.0.1
    scheduler: ^0.17.0
  peerDependencies:
    react: ^16.8.6 || ^17.0.0 || ^18.0.0
  checksum: 314099cbebc303f7c4e51ef95f4d15650d130b58c46400d41e9ef7d25d705c5f066c00c0c0bf2c493200d9e70f0a63def8638742ccf42505c48d22c2ef628f43
  languageName: node
  linkType: hard

"@react-pdf/stylesheet@npm:^4.1.5":
  version: 4.1.5
  resolution: "@react-pdf/stylesheet@npm:4.1.5"
  dependencies:
    "@babel/runtime": ^7.20.13
    "@react-pdf/fns": 2.0.1
    "@react-pdf/types": ^2.3.1
    color-string: ^1.5.3
    hsl-to-hex: ^1.0.0
    media-engine: ^1.0.3
    postcss-value-parser: ^4.1.0
  checksum: 340d756d910fbec0e6b72521226f901dc372c96642560707b77be76b59d6e60718fa289a9751a9175e190c311bc5c58ca5c4e7b4b0ac2947d1ad0811aac23356
  languageName: node
  linkType: hard

"@react-pdf/textkit@npm:^4.2.0":
  version: 4.2.0
  resolution: "@react-pdf/textkit@npm:4.2.0"
  dependencies:
    "@babel/runtime": ^7.20.13
    "@react-pdf/fns": 2.0.1
    hyphen: ^1.6.4
    unicode-properties: ^1.4.1
  checksum: d7fb9b0bbd9ae3da224ab35d5b2bc12e0278c6a3cb8f274d6a573577389bdd18d0f97a7f2ed6af32f28bebb407f05846bbb687e466db2184fb1b267e0fc17e2f
  languageName: node
  linkType: hard

"@react-pdf/types@npm:^2.3.1":
  version: 2.3.1
  resolution: "@react-pdf/types@npm:2.3.1"
  checksum: 12f81e4c5056962c4d1e440d53074f4cf81dd9e3963bf33116a3471769f8a0fc9b2bce5da31a53300b231d02b4a50e015a04cdd10c9b39b8f876c6518e28eaad
  languageName: node
  linkType: hard

"@react-pdf/yoga@npm:^4.1.2":
  version: 4.1.2
  resolution: "@react-pdf/yoga@npm:4.1.2"
  dependencies:
    "@babel/runtime": ^7.20.13
  checksum: e226c8181fc7709c5bfa33fc2c4b4eae08f4a032fdad8b71e43b4f0e6b185152b47f51734a137cd6fe892a1e920d4a0dcec76344abca001c45ff633d0a33a1b0
  languageName: node
  linkType: hard

"@swc/helpers@npm:^0.4.2":
  version: 0.4.14
  resolution: "@swc/helpers@npm:0.4.14"
  dependencies:
    tslib: ^2.4.0
  checksum: 273fd3f3fc461a92f3790cc551ea054745c6d6959afbe1232e6d7aa1c722bbc114d308aab96bef5c78fc0303c85c7b472ef00e2253251cc89737f3b1af56e5a5
  languageName: node
  linkType: hard

"abs-svg-path@npm:^0.1.1":
  version: 0.1.1
  resolution: "abs-svg-path@npm:0.1.1"
  checksum: af1a167c09e8bdb76c80adca7333f3d828e5b50e37b9702aa03675e271919e7b1eeaa35cce939970ecba14769953b7465ea34c2129ab683ddff9d973a07f164f
  languageName: node
  linkType: hard

"base64-js@npm:^1.1.2, base64-js@npm:^1.3.0":
  version: 1.5.1
  resolution: "base64-js@npm:1.5.1"
  checksum: 669632eb3745404c2f822a18fc3a0122d2f9a7a13f7fb8b5823ee19d1d2ff9ee5b52c53367176ea4ad093c332fd5ab4bd0ebae5a8e27917a4105a4cfc86b1005
  languageName: node
  linkType: hard

"brotli@npm:^1.3.2":
  version: 1.3.3
  resolution: "brotli@npm:1.3.3"
  dependencies:
    base64-js: ^1.1.2
  checksum: 2c97329f4ccb8e4332cedd2f63b85c2e15ffb305b1cbf046df86201434caf93cb7992ca73c0f7053b6a1417f595069ec7783c26e01510cefc10035a0f466e594
  languageName: node
  linkType: hard

"browserify-zlib@npm:^0.2.0":
  version: 0.2.0
  resolution: "browserify-zlib@npm:0.2.0"
  dependencies:
    pako: ~1.0.5
  checksum: 5cd9d6a665190fedb4a97dfbad8dabc8698d8a507298a03f42c734e96d58ca35d3c7d4085e283440bbca1cd1938cff85031728079bedb3345310c58ab1ec92d6
  languageName: node
  linkType: hard

"clone@npm:^2.1.2":
  version: 2.1.2
  resolution: "clone@npm:2.1.2"
  checksum: aaf106e9bc025b21333e2f4c12da539b568db4925c0501a1bf4070836c9e848c892fa22c35548ce0d1132b08bbbfa17a00144fe58fccdab6fa900fec4250f67d
  languageName: node
  linkType: hard

"color-name@npm:^1.0.0":
  version: 1.1.4
  resolution: "color-name@npm:1.1.4"
  checksum: b0445859521eb4021cd0fb0cc1a75cecf67fceecae89b63f62b201cca8d345baf8b952c966862a9d9a2632987d4f6581f0ec8d957dfacece86f0a7919316f610
  languageName: node
  linkType: hard

"color-string@npm:^1.5.3":
  version: 1.9.1
  resolution: "color-string@npm:1.9.1"
  dependencies:
    color-name: ^1.0.0
    simple-swizzle: ^0.2.2
  checksum: c13fe7cff7885f603f49105827d621ce87f4571d78ba28ef4a3f1a104304748f620615e6bf065ecd2145d0d9dad83a3553f52bb25ede7239d18e9f81622f1cc5
  languageName: node
  linkType: hard

"cross-fetch@npm:^3.1.5":
  version: 3.1.5
  resolution: "cross-fetch@npm:3.1.5"
  dependencies:
    node-fetch: 2.6.7
  checksum: f6b8c6ee3ef993ace6277fd789c71b6acf1b504fd5f5c7128df4ef2f125a429e29cd62dc8c127523f04a5f2fa4771ed80e3f3d9695617f441425045f505cf3bb
  languageName: node
  linkType: hard

"crypto-js@npm:^4.0.0":
  version: 4.1.1
  resolution: "crypto-js@npm:4.1.1"
  checksum: b3747c12ee3a7632fab3b3e171ea50f78b182545f0714f6d3e7e2858385f0f4101a15f2517e033802ce9d12ba50a391575ff4638c9de3dd9b2c4bc47768d5425
  languageName: node
  linkType: hard

"dfa@npm:^1.2.0":
  version: 1.2.0
  resolution: "dfa@npm:1.2.0"
  checksum: 83b954b856a4a0c4282550a35532ac66dfc6362a08500a4b09c0d7a306c6813cbf50cc18d81bf8997d98559fc2675df89f6ece255d92517cc46f6bf8ef5ff727
  languageName: node
  linkType: hard

"emoji-regex@npm:^10.2.1":
  version: 10.2.1
  resolution: "emoji-regex@npm:10.2.1"
  checksum: 1aa2d16881c56531fdfc03d0b36f5c2b6221cc4097499a5665b88b711dc3fb4d5b8804f0ca6f00c56e5dcf89bac75f0487eee85da1da77df3a33accc6ecbe426
  languageName: node
  linkType: hard

"events@npm:^3.3.0":
  version: 3.3.0
  resolution: "events@npm:3.3.0"
  checksum: f6f487ad2198aa41d878fa31452f1a3c00958f46e9019286ff4787c84aac329332ab45c9cdc8c445928fc6d7ded294b9e005a7fce9426488518017831b272780
  languageName: node
  linkType: hard

"fast-deep-equal@npm:^3.1.3":
  version: 3.1.3
  resolution: "fast-deep-equal@npm:3.1.3"
  checksum: e21a9d8d84f53493b6aa15efc9cfd53dd5b714a1f23f67fb5dc8f574af80df889b3bce25dc081887c6d25457cce704e636395333abad896ccdec03abaf1f3f9d
  languageName: node
  linkType: hard

"fontkit@npm:^2.0.2":
  version: 2.0.2
  resolution: "fontkit@npm:2.0.2"
  dependencies:
    "@swc/helpers": ^0.4.2
    brotli: ^1.3.2
    clone: ^2.1.2
    dfa: ^1.2.0
    fast-deep-equal: ^3.1.3
    restructure: ^3.0.0
    tiny-inflate: ^1.0.3
    unicode-properties: ^1.4.0
    unicode-trie: ^2.0.0
  checksum: ef5841a46cb46af56496646136a4e61f014360caacb8d69e3a4abfda9d89d66d2a68b0855494c070c4e0675fb57724c9db37154913413609ebb065d35b23838e
  languageName: node
  linkType: hard

"hsl-to-hex@npm:^1.0.0":
  version: 1.0.0
  resolution: "hsl-to-hex@npm:1.0.0"
  dependencies:
    hsl-to-rgb-for-reals: ^1.1.0
  checksum: e748cea0d9cdf444727bd3fc3f62515d0c5806ad4b52850730d365e54f6f0ae1e41e2076ab17de8523ab5ebdd30c62323f26b2cdd383529755ad27d1a33965b8
  languageName: node
  linkType: hard

"hsl-to-rgb-for-reals@npm:^1.1.0":
  version: 1.1.1
  resolution: "hsl-to-rgb-for-reals@npm:1.1.1"
  checksum: b31452617e6c399509c5b8016999d659f9e347e71290da287bf0f536da031609d51b240535dc8eb3dbd7770a7b367d9896ab6a13794db7d16e4cf86e363e156f
  languageName: node
  linkType: hard

"hyphen@npm:^1.6.4":
  version: 1.6.5
  resolution: "hyphen@npm:1.6.5"
  checksum: 8c05ac23e1c5501fc9a605abb6a40ac9a41b902e91aed3a27bfd7a93ba363c7d87b696023f7f416817b0189c4545f697f385aa96dc4308d5d331e3f0f637aa44
  languageName: node
  linkType: hard

"inherits@npm:^2.0.3, inherits@npm:~2.0.3":
  version: 2.0.4
  resolution: "inherits@npm:2.0.4"
  checksum: 4a48a733847879d6cf6691860a6b1e3f0f4754176e4d71494c41f3475553768b10f84b5ce1d40fbd0e34e6bfbb864ee35858ad4dd2cf31e02fc4a154b724d7f1
  languageName: node
  linkType: hard

"is-arrayish@npm:^0.3.1":
  version: 0.3.2
  resolution: "is-arrayish@npm:0.3.2"
  checksum: 977e64f54d91c8f169b59afcd80ff19227e9f5c791fa28fa2e5bce355cbaf6c2c356711b734656e80c9dd4a854dd7efcf7894402f1031dfc5de5d620775b4d5f
  languageName: node
  linkType: hard

"is-url@npm:^1.2.4":
  version: 1.2.4
  resolution: "is-url@npm:1.2.4"
  checksum: 100e74b3b1feab87a43ef7653736e88d997eb7bd32e71fd3ebc413e58c1cbe56269699c776aaea84244b0567f2a7d68dfaa512a062293ed2f9fdecb394148432
  languageName: node
  linkType: hard

"js-tokens@npm:^3.0.0 || ^4.0.0":
  version: 4.0.0
  resolution: "js-tokens@npm:4.0.0"
  checksum: 8a95213a5a77deb6cbe94d86340e8d9ace2b93bc367790b260101d2f36a2eaf4e4e22d9fa9cf459b38af3a32fb4190e638024cf82ec95ef708680e405ea7cc78
  languageName: node
  linkType: hard

"loose-envify@npm:^1.1.0, loose-envify@npm:^1.4.0":
  version: 1.4.0
  resolution: "loose-envify@npm:1.4.0"
  dependencies:
    js-tokens: ^3.0.0 || ^4.0.0
  bin:
    loose-envify: cli.js
  checksum: 6517e24e0cad87ec9888f500c5b5947032cdfe6ef65e1c1936a0c48a524b81e65542c9c3edc91c97d5bddc806ee2a985dbc79be89215d613b1de5db6d1cfe6f4
  languageName: node
  linkType: hard

"make-it-pdf@workspace:.":
  version: 0.0.0-use.local
  resolution: "make-it-pdf@workspace:."
  dependencies:
    "@react-pdf/renderer": ^3.1.9
  languageName: unknown
  linkType: soft

"media-engine@npm:^1.0.3":
  version: 1.0.3
  resolution: "media-engine@npm:1.0.3"
  checksum: 3c2834077e7223d95cc137e4d13f777750887748a04b3aa29d1abfb05b35ad483ea074b7798827aedc29a6a6f6da299c5822d1ce99414d6c9c81b4299dbbd85a
  languageName: node
  linkType: hard

"node-fetch@npm:2.6.7":
  version: 2.6.7
  resolution: "node-fetch@npm:2.6.7"
  dependencies:
    whatwg-url: ^5.0.0
  peerDependencies:
    encoding: ^0.1.0
  peerDependenciesMeta:
    encoding:
      optional: true
  checksum: 8d816ffd1ee22cab8301c7756ef04f3437f18dace86a1dae22cf81db8ef29c0bf6655f3215cb0cdb22b420b6fe141e64b26905e7f33f9377a7fa59135ea3e10b
  languageName: node
  linkType: hard

"normalize-svg-path@npm:^1.1.0":
  version: 1.1.0
  resolution: "normalize-svg-path@npm:1.1.0"
  dependencies:
    svg-arc-to-cubic-bezier: ^3.0.0
  checksum: 106e108b2f99e9e222a1c6edfc859523c6c3c2b0a6ba64743ed08af120b23b9bc2c16682bc2ae043a24c011c34c8252376c68525cf11735c6f110b571740eb2e
  languageName: node
  linkType: hard

"object-assign@npm:^4.1.1":
  version: 4.1.1
  resolution: "object-assign@npm:4.1.1"
  checksum: fcc6e4ea8c7fe48abfbb552578b1c53e0d194086e2e6bbbf59e0a536381a292f39943c6e9628af05b5528aa5e3318bb30d6b2e53cadaf5b8fe9e12c4b69af23f
  languageName: node
  linkType: hard

"pako@npm:^0.2.5":
  version: 0.2.9
  resolution: "pako@npm:0.2.9"
  checksum: 055f9487cd57fbb78df84315873bbdd089ba286f3499daed47d2effdc6253e981f5db6898c23486de76d4a781559f890d643bd3a49f70f1b4a18019c98aa5125
  languageName: node
  linkType: hard

"pako@npm:~1.0.5":
  version: 1.0.11
  resolution: "pako@npm:1.0.11"
  checksum: 1be2bfa1f807608c7538afa15d6f25baa523c30ec870a3228a89579e474a4d992f4293859524e46d5d87fd30fa17c5edf34dbef0671251d9749820b488660b16
  languageName: node
  linkType: hard

"parse-svg-path@npm:^0.1.2":
  version: 0.1.2
  resolution: "parse-svg-path@npm:0.1.2"
  checksum: bba7d4b4207fcc9eaf553b0d34db96ea8a1173635bc94528b5b66e1581902d4792d8d6229103764f01af4d839274234e97a4fa1c6f0fe7dcce195383848cec56
  languageName: node
  linkType: hard

"postcss-value-parser@npm:^4.1.0":
  version: 4.2.0
  resolution: "postcss-value-parser@npm:4.2.0"
  checksum: 819ffab0c9d51cf0acbabf8996dffbfafbafa57afc0e4c98db88b67f2094cb44488758f06e5da95d7036f19556a4a732525e84289a425f4f6fd8e412a9d7442f
  languageName: node
  linkType: hard

"prop-types@npm:^15.6.2":
  version: 15.8.1
  resolution: "prop-types@npm:15.8.1"
  dependencies:
    loose-envify: ^1.4.0
    object-assign: ^4.1.1
    react-is: ^16.13.1
  checksum: c056d3f1c057cb7ff8344c645450e14f088a915d078dcda795041765047fa080d38e5d626560ccaac94a4e16e3aa15f3557c1a9a8d1174530955e992c675e459
  languageName: node
  linkType: hard

"queue@npm:^6.0.1":
  version: 6.0.2
  resolution: "queue@npm:6.0.2"
  dependencies:
    inherits: ~2.0.3
  checksum: ebc23639248e4fe40a789f713c20548e513e053b3dc4924b6cb0ad741e3f264dcff948225c8737834dd4f9ec286dbc06a1a7c13858ea382d9379f4303bcc0916
  languageName: node
  linkType: hard

"react-is@npm:^16.13.1":
  version: 16.13.1
  resolution: "react-is@npm:16.13.1"
  checksum: f7a19ac3496de32ca9ae12aa030f00f14a3d45374f1ceca0af707c831b2a6098ef0d6bdae51bd437b0a306d7f01d4677fcc8de7c0d331eb47ad0f46130e53c5f
  languageName: node
  linkType: hard

"regenerator-runtime@npm:^0.13.11":
  version: 0.13.11
  resolution: "regenerator-runtime@npm:0.13.11"
  checksum: 27481628d22a1c4e3ff551096a683b424242a216fee44685467307f14d58020af1e19660bf2e26064de946bad7eff28950eae9f8209d55723e2d9351e632bbb4
  languageName: node
  linkType: hard

"restructure@npm:^3.0.0":
  version: 3.0.0
  resolution: "restructure@npm:3.0.0"
  checksum: 4525b5414ec0f2dc4ad66b5fbcebbc2f49e7ad778c30ce45b8b8f776af67e2c0752eb309748d7a597add6fc064e688df2662c834ffeaaea580af6d43087dc7d3
  languageName: node
  linkType: hard

"safe-buffer@npm:~5.2.0":
  version: 5.2.1
  resolution: "safe-buffer@npm:5.2.1"
  checksum: b99c4b41fdd67a6aaf280fcd05e9ffb0813654894223afb78a31f14a19ad220bba8aba1cb14eddce1fcfb037155fe6de4e861784eb434f7d11ed58d1e70dd491
  languageName: node
  linkType: hard

"scheduler@npm:^0.17.0":
  version: 0.17.0
  resolution: "scheduler@npm:0.17.0"
  dependencies:
    loose-envify: ^1.1.0
    object-assign: ^4.1.1
  checksum: 18d1e66cad3d26e3becd99b006d0744cda3556dbb356fc5b30df6d5499c85a308d18ee55353e01595f7c047b526564603ea80ef3d927a325faedc53ede03680c
  languageName: node
  linkType: hard

"simple-swizzle@npm:^0.2.2":
  version: 0.2.2
  resolution: "simple-swizzle@npm:0.2.2"
  dependencies:
    is-arrayish: ^0.3.1
  checksum: a7f3f2ab5c76c4472d5c578df892e857323e452d9f392e1b5cf74b74db66e6294a1e1b8b390b519fa1b96b5b613f2a37db6cffef52c3f1f8f3c5ea64eb2d54c0
  languageName: node
  linkType: hard

"string_decoder@npm:^1.1.1":
  version: 1.3.0
  resolution: "string_decoder@npm:1.3.0"
  dependencies:
    safe-buffer: ~5.2.0
  checksum: 8417646695a66e73aefc4420eb3b84cc9ffd89572861fe004e6aeb13c7bc00e2f616247505d2dbbef24247c372f70268f594af7126f43548565c68c117bdeb56
  languageName: node
  linkType: hard

"svg-arc-to-cubic-bezier@npm:^3.0.0, svg-arc-to-cubic-bezier@npm:^3.2.0":
  version: 3.2.0
  resolution: "svg-arc-to-cubic-bezier@npm:3.2.0"
  checksum: 55bf17756d558b9c0daddf636a6c9f2fe01fd5ac412229dfa2d4b29740226a82c980bcd3b5eb09ce311cbea282106c7549d97f8c8dba3a5a7b75f786bcb5e155
  languageName: node
  linkType: hard

"tiny-inflate@npm:^1.0.0, tiny-inflate@npm:^1.0.3":
  version: 1.0.3
  resolution: "tiny-inflate@npm:1.0.3"
  checksum: 4086a1f8938dafa4a20c63b099aeb47bf8fef5aca991bf4ea4b35dd2684fa52363b2c19b3e76660311e7613cb7c4f063bc48751b9bdf9555e498d997c30bc2d6
  languageName: node
  linkType: hard

"tr46@npm:~0.0.3":
  version: 0.0.3
  resolution: "tr46@npm:0.0.3"
  checksum: 726321c5eaf41b5002e17ffbd1fb7245999a073e8979085dacd47c4b4e8068ff5777142fc6726d6ca1fd2ff16921b48788b87225cbc57c72636f6efa8efbffe3
  languageName: node
  linkType: hard

"tslib@npm:^2.4.0":
  version: 2.5.0
  resolution: "tslib@npm:2.5.0"
  checksum: ae3ed5f9ce29932d049908ebfdf21b3a003a85653a9a140d614da6b767a93ef94f460e52c3d787f0e4f383546981713f165037dc2274df212ea9f8a4541004e1
  languageName: node
  linkType: hard

"unicode-properties@npm:^1.4.0, unicode-properties@npm:^1.4.1":
  version: 1.4.1
  resolution: "unicode-properties@npm:1.4.1"
  dependencies:
    base64-js: ^1.3.0
    unicode-trie: ^2.0.0
  checksum: 337fba8a3c4707692d662fafbea60718ca9d8dfd2147cb2642bc4a1b5ad11136d848fa9c92818a35f59e6c866674ec7fd140e3e25412aea8fb8817f1b32fc3fe
  languageName: node
  linkType: hard

"unicode-trie@npm:^2.0.0":
  version: 2.0.0
  resolution: "unicode-trie@npm:2.0.0"
  dependencies:
    pako: ^0.2.5
    tiny-inflate: ^1.0.0
  checksum: 19e637ce20953ec1fbfa9087abef4746a50352679b833be27924e4ba7ad753cc4073b74263747ccfccb5e38b30b17468cbb96f361eb49903ff8602396280b5a4
  languageName: node
  linkType: hard

"util-deprecate@npm:^1.0.1":
  version: 1.0.2
  resolution: "util-deprecate@npm:1.0.2"
  checksum: 474acf1146cb2701fe3b074892217553dfcf9a031280919ba1b8d651a068c9b15d863b7303cb15bd00a862b498e6cf4ad7b4a08fb134edd5a6f7641681cb54a2
  languageName: node
  linkType: hard

"vite-compatible-readable-stream@npm:^3.6.1":
  version: 3.6.1
  resolution: "vite-compatible-readable-stream@npm:3.6.1"
  dependencies:
    inherits: ^2.0.3
    string_decoder: ^1.1.1
    util-deprecate: ^1.0.1
  checksum: 7fd50738616a7bd012fb936b7036877940a0a83078fbe2584726fa9d1a5d15c934a5883e12e16213d6be54996b4ad7b6368d2897f9867a6c1110d03eacd91302
  languageName: node
  linkType: hard

"webidl-conversions@npm:^3.0.0":
  version: 3.0.1
  resolution: "webidl-conversions@npm:3.0.1"
  checksum: c92a0a6ab95314bde9c32e1d0a6dfac83b578f8fa5f21e675bc2706ed6981bc26b7eb7e6a1fab158e5ce4adf9caa4a0aee49a52505d4d13c7be545f15021b17c
  languageName: node
  linkType: hard

"whatwg-url@npm:^5.0.0":
  version: 5.0.0
  resolution: "whatwg-url@npm:5.0.0"
  dependencies:
    tr46: ~0.0.3
    webidl-conversions: ^3.0.0
  checksum: b8daed4ad3356cc4899048a15b2c143a9aed0dfae1f611ebd55073310c7b910f522ad75d727346ad64203d7e6c79ef25eafd465f4d12775ca44b90fa82ed9e2c
  languageName: node
  linkType: hard
